
Microsoft Visual Studio Solution File, Format Version 12.00
# Visual Studio 15
VisualStudioVersion = 15.0.26430.14
MinimumVisualStudioVersion = 10.0.40219.1
Project("{FAE04EC0-301F-11D3-BF4B-00C04F79EFBC}") = "PayPal", "PayPal\PayPal.csproj", "{A784175A-56E1-4EAB-B622-ED557AA0A913}"
EndProject
Project("{FAE04EC0-301F-11D3-BF4B-00C04F79EFBC}") = "PayPalCheckout", "PayPalCheckout\PayPalCheckout.csproj", "{71B0010A-673A-48B7-9D8E-6467AB8C4FCA}"
EndProject
Project("{FAE04EC0-301F-11D3-BF4B-00C04F79EFBC}") = "PayPalCheckout.Tests", "PayPalCheckout.Tests\PayPalCheckout.Tests.csproj", "{46487A7C-3B04-4566-AA4C-DA8A13571D04}"
EndProject
Global
	GlobalSection(SolutionConfigurationPlatforms) = preSolution
		Debug|Any CPU = Debug|Any CPU
		Release|Any CPU = Release|Any CPU
	EndGlobalSection
	GlobalSection(ProjectConfigurationPlatforms) = postSolution
		{A784175A-56E1-4EAB-B622-ED557AA0A913}.Debug|Any CPU.ActiveCfg = Debug|Any CPU
		{A784175A-56E1-4EAB-B622-ED557AA0A913}.Debug|Any CPU.Build.0 = Debug|Any CPU
		{A784175A-56E1-4EAB-B622-ED557AA0A913}.Release|Any CPU.ActiveCfg = Release|Any CPU
		{A784175A-56E1-4EAB-B622-ED557AA0A913}.Release|Any CPU.Build.0 = Release|Any CPU
		{71B0010A-673A-48B7-9D8E-6467AB8C4FCA}.Debug|Any CPU.ActiveCfg = Debug|Any CPU
		{71B0010A-673A-48B7-9D8E-6467AB8C4FCA}.Debug|Any CPU.Build.0 = Debug|Any CPU
		{71B0010A-673A-48B7-9D8E-6467AB8C4FCA}.Release|Any CPU.ActiveCfg = Release|Any CPU
		{71B0010A-673A-48B7-9D8E-6467AB8C4FCA}.Release|Any CPU.Build.0 = Release|Any CPU
		{46487A7C-3B04-4566-AA4C-DA8A13571D04}.Debug|Any CPU.ActiveCfg = Debug|Any CPU
		{46487A7C-3B04-4566-AA4C-DA8A13571D04}.Debug|Any CPU.Build.0 = Debug|Any CPU
		{46487A7C-3B04-4566-AA4C-DA8A13571D04}.Release|Any CPU.ActiveCfg = Release|Any CPU
		{46487A7C-3B04-4566-AA4C-DA8A13571D04}.Release|Any CPU.Build.0 = Release|Any CPU
	EndGlobalSection
	GlobalSection(SolutionProperties) = preSolution
		HideSolutionNode = FALSE
	EndGlobalSection
EndGlobal
